// !$*UTF8*$!
{
	archiveVersion = 1;
	classes = {
	};
	objectVersion = 46;
	objects = {

/* Begin PBXBuildFile section */
		F73844DD1E7287D4000E7D18 /* AppDelegate.swift in Sources */ = {isa = PBXBuildFile; fileRef = F73844DC1E7287D3000E7D18 /* AppDelegate.swift */; };
		F73844DF1E7287D4000E7D18 /* ViewController.swift in Sources */ = {isa = PBXBuildFile; fileRef = F73844DE1E7287D4000E7D18 /* ViewController.swift */; };
		F73844E21E7287D4000E7D18 /* Main.storyboard in Resources */ = {isa = PBXBuildFile; fileRef = F73844E01E7287D4000E7D18 /* Main.storyboard */; };
		F73844E51E7287D4000E7D18 /* inspix_iOS.xcdatamodeld in Sources */ = {isa = PBXBuildFile; fileRef = F73844E31E7287D4000E7D18 /* inspix_iOS.xcdatamodeld */; };
		F73844E71E7287D4000E7D18 /* Assets.xcassets in Resources */ = {isa = PBXBuildFile; fileRef = F73844E61E7287D4000E7D18 /* Assets.xcassets */; };
		F73844EA1E7287D4000E7D18 /* LaunchScreen.storyboard in Resources */ = {isa = PBXBuildFile; fileRef = F73844E81E7287D4000E7D18 /* LaunchScreen.storyboard */; };
		F73844F51E7287D4000E7D18 /* inspix_iOSTests.swift in Sources */ = {isa = PBXBuildFile; fileRef = F73844F41E7287D4000E7D18 /* inspix_iOSTests.swift */; };
/* End PBXBuildFile section */

/* Begin PBXContainerItemProxy section */
		F73844F11E7287D4000E7D18 /* PBXContainerItemProxy */ = {
			isa = PBXContainerItemProxy;
			containerPortal = F73844D11E7287D3000E7D18 /* Project object */;
			proxyType = 1;
			remoteGlobalIDString = F73844D81E7287D3000E7D18;
			remoteInfo = "inspix-iOS";
		};
/* End PBXContainerItemProxy section */

/* Begin PBXFileReference section */
		F73844D91E7287D3000E7D18 /* inspix-iOS.app */ = {isa = PBXFileReference; explicitFileType = wrapper.application; includeInIndex = 0; path = "inspix-iOS.app"; sourceTree = BUILT_PRODUCTS_DIR; };
		F73844DC1E7287D3000E7D18 /* AppDelegate.swift */ = {isa = PBXFileReference; lastKnownFileType = sourcecode.swift; path = AppDelegate.swift; sourceTree = "<group>"; };
		F73844DE1E7287D4000E7D18 /* ViewController.swift */ = {isa = PBXFileReference; lastKnownFileType = sourcecode.swift; path = ViewController.swift; sourceTree = "<group>"; };
		F73844E11E7287D4000E7D18 /* Base */ = {isa = PBXFileReference; lastKnownFileType = file.storyboard; name = Base; path = Base.lproj/Main.storyboard; sourceTree = "<group>"; };
		F73844E41E7287D4000E7D18 /* inspix_iOS.xcdatamodel */ = {isa = PBXFileReference; lastKnownFileType = wrapper.xcdatamodel; path = inspix_iOS.xcdatamodel; sourceTree = "<group>"; };
		F73844E61E7287D4000E7D18 /* Assets.xcassets */ = {isa = PBXFileReference; lastKnownFileType = folder.assetcatalog; path = Assets.xcassets; sourceTree = "<group>"; };
		F73844E91E7287D4000E7D18 /* Base */ = {isa = PBXFileReference; lastKnownFileType = file.storyboard; name = Base; path = Base.lproj/LaunchScreen.storyboard; sourceTree = "<group>"; };
		F73844EB1E7287D4000E7D18 /* Info.plist */ = {isa = PBXFileReference; lastKnownFileType = text.plist.xml; path = Info.plist; sourceTree = "<group>"; };
		F73844F01E7287D4000E7D18 /* inspix-iOSTests.xctest */ = {isa = PBXFileReference; explicitFileType = wrapper.cfbundle; includeInIndex = 0; path = "inspix-iOSTests.xctest"; sourceTree = BUILT_PRODUCTS_DIR; };
		F73844F41E7287D4000E7D18 /* inspix_iOSTests.swift */ = {isa = PBXFileReference; lastKnownFileType = sourcecode.swift; path = inspix_iOSTests.swift; sourceTree = "<group>"; };
		F73844F61E7287D4000E7D18 /* Info.plist */ = {isa = PBXFileReference; lastKnownFileType = text.plist.xml; path = Info.plist; sourceTree = "<group>"; };
/* End PBXFileReference section */

/* Begin PBXFrameworksBuildPhase section */
		F73844D61E7287D3000E7D18 /* Frameworks */ = {
			isa = PBXFrameworksBuildPhase;
			buildActionMask = 2147483647;
			files = (
			);
			runOnlyForDeploymentPostprocessing = 0;
		};
		F73844ED1E7287D4000E7D18 /* Frameworks */ = {
			isa = PBXFrameworksBuildPhase;
			buildActionMask = 2147483647;
			files = (
			);
			runOnlyForDeploymentPostprocessing = 0;
		};
/* End PBXFrameworksBuildPhase section */

/* Begin PBXGroup section */
		F73844D01E7287D3000E7D18 = {
			isa = PBXGroup;
			children = (
				F73844DB1E7287D3000E7D18 /* inspix-iOS */,
				F73844F31E7287D4000E7D18 /* inspix-iOSTests */,
				F73844DA1E7287D3000E7D18 /* Products */,
			);
			sourceTree = "<group>";
		};
		F73844DA1E7287D3000E7D18 /* Products */ = {
			isa = PBXGroup;
			children = (
				F73844D91E7287D3000E7D18 /* inspix-iOS.app */,
				F73844F01E7287D4000E7D18 /* inspix-iOSTests.xctest */,
			);
			name = Products;
			sourceTree = "<group>";
		};
		F73844DB1E7287D3000E7D18 /* inspix-iOS */ = {
			isa = PBXGroup;
			children = (
				F73844DC1E7287D3000E7D18 /* AppDelegate.swift */,
				F73844DE1E7287D4000E7D18 /* ViewController.swift */,
				F73844E01E7287D4000E7D18 /* Main.storyboard */,
				F73844E61E7287D4000E7D18 /* Assets.xcassets */,
				F73844E81E7287D4000E7D18 /* LaunchScreen.storyboard */,
				F73844EB1E7287D4000E7D18 /* Info.plist */,
				F73844E31E7287D4000E7D18 /* inspix_iOS.xcdatamodeld */,
			);
			path = "inspix-iOS";
			sourceTree = "<group>";
		};
		F73844F31E7287D4000E7D18 /* inspix-iOSTests */ = {
			isa = PBXGroup;
			children = (
				F73844F41E7287D4000E7D18 /* inspix_iOSTests.swift */,
				F73844F61E7287D4000E7D18 /* Info.plist */,
			);
			path = "inspix-iOSTests";
			sourceTree = "<group>";
		};
/* End PBXGroup section */

/* Begin PBXNativeTarget section */
		F73844D81E7287D3000E7D18 /* inspix-iOS */ = {
			isa = PBXNativeTarget;
			buildConfigurationList = F73844F91E7287D4000E7D18 /* Build configuration list for PBXNativeTarget "inspix-iOS" */;
			buildPhases = (
				F73844D51E7287D3000E7D18 /* Sources */,
				F73844D61E7287D3000E7D18 /* Frameworks */,
				F73844D71E7287D3000E7D18 /* Resources */,
			);
			buildRules = (
			);
			dependencies = (
			);
			name = "inspix-iOS";
			productName = "inspix-iOS";
			productReference = F73844D91E7287D3000E7D18 /* inspix-iOS.app */;
			productType = "com.apple.product-type.application";
		};
		F73844EF1E7287D4000E7D18 /* inspix-iOSTests */ = {
			isa = PBXNativeTarget;
			buildConfigurationList = F73844FC1E7287D4000E7D18 /* Build configuration list for PBXNativeTarget "inspix-iOSTests" */;
			buildPhases = (
				F73844EC1E7287D4000E7D18 /* Sources */,
				F73844ED1E7287D4000E7D18 /* Frameworks */,
				F73844EE1E7287D4000E7D18 /* Resources */,
			);
			buildRules = (
			);
			dependencies = (
				F73844F21E7287D4000E7D18 /* PBXTargetDependency */,
			);
			name = "inspix-iOSTests";
			productName = "inspix-iOSTests";
			productReference = F73844F01E7287D4000E7D18 /* inspix-iOSTests.xctest */;
			productType = "com.apple.product-type.bundle.unit-test";
		};
/* End PBXNativeTarget section */

/* Begin PBXProject section */
		F73844D11E7287D3000E7D18 /* Project object */ = {
			isa = PBXProject;
			attributes = {
				LastSwiftUpdateCheck = 0820;
				LastUpgradeCheck = 0820;
				ORGANIZATIONNAME = "Atsuya Sato";
				TargetAttributes = {
					F73844D81E7287D3000E7D18 = {
						CreatedOnToolsVersion = 8.2.1;
						DevelopmentTeam = DEQGLB9PU4;
						ProvisioningStyle = Automatic;
					};
					F73844EF1E7287D4000E7D18 = {
						CreatedOnToolsVersion = 8.2.1;
						DevelopmentTeam = DEQGLB9PU4;
						ProvisioningStyle = Automatic;
						TestTargetID = F73844D81E7287D3000E7D18;
					};
				};
			};
			buildConfigurationList = F73844D41E7287D3000E7D18 /* Build configuration list for PBXProject "inspix-iOS" */;
			compatibilityVersion = "Xcode 3.2";
			developmentRegion = English;
			hasScannedForEncodings = 0;
			knownRegions = (
				en,
				Base,
			);
			mainGroup = F73844D01E7287D3000E7D18;
			productRefGroup = F73844DA1E7287D3000E7D18 /* Products */;
			projectDirPath = "";
			projectRoot = "";
			targets = (
				F73844D81E7287D3000E7D18 /* inspix-iOS */,
				F73844EF1E7287D4000E7D18 /* inspix-iOSTests */,
			);
		};
/* End PBXProject section */

/* Begin PBXResourcesBuildPhase section */
		F73844D71E7287D3000E7D18 /* Resources */ = {
			isa = PBXResourcesBuildPhase;
			buildActionMask = 2147483647;
			files = (
				F73844EA1E7287D4000E7D18 /* LaunchScreen.storyboard in Resources */,
				F73844E71E7287D4000E7D18 /* Assets.xcassets in Resources */,
				F73844E21E7287D4000E7D18 /* Main.storyboard in Resources */,
			);
			runOnlyForDeploymentPostprocessing = 0;
		};
		F73844EE1E7287D4000E7D18 /* Resources */ = {
			isa = PBXResourcesBuildPhase;
			buildActionMask = 2147483647;
			files = (
			);
			runOnlyForDeploymentPostprocessing = 0;
		};
/* End PBXResourcesBuildPhase section */

/* Begin PBXSourcesBuildPhase section */
		F73844D51E7287D3000E7D18 /* Sources */ = {
			isa = PBXSourcesBuildPhase;
			buildActionMask = 2147483647;
			files = (
				F73844DF1E7287D4000E7D18 /* ViewController.swift in Sources */,
				F73844DD1E7287D4000E7D18 /* AppDelegate.swift in Sources */,
				F73844E51E7287D4000E7D18 /* inspix_iOS.xcdatamodeld in Sources */,
			);
			runOnlyForDeploymentPostprocessing = 0;
		};
		F73844EC1E7287D4000E7D18 /* Sources */ = {
			isa = PBXSourcesBuildPhase;
			buildActionMask = 2147483647;
			files = (
				F73844F51E7287D4000E7D18 /* inspix_iOSTests.swift in Sources */,
			);
			runOnlyForDeploymentPostprocessing = 0;
		};
/* End PBXSourcesBuildPhase section */

/* Begin PBXTargetDependency section */
		F73844F21E7287D4000E7D18 /* PBXTargetDependency */ = {
			isa = PBXTargetDependency;
			target = F73844D81E7287D3000E7D18 /* inspix-iOS */;
			targetProxy = F73844F11E7287D4000E7D18 /* PBXContainerItemProxy */;
		};
/* End PBXTargetDependency section */

/* Begin PBXVariantGroup section */
		F73844E01E7287D4000E7D18 /* Main.storyboard */ = {
			isa = PBXVariantGroup;
			children = (
				F73844E11E7287D4000E7D18 /* Base */,
			);
			name = Main.storyboard;
			sourceTree = "<group>";
		};
		F73844E81E7287D4000E7D18 /* LaunchScreen.storyboard */ = {
			isa = PBXVariantGroup;
			children = (
				F73844E91E7287D4000E7D18 /* Base */,
			);
			name = LaunchScreen.storyboard;
			sourceTree = "<group>";
		};
/* End PBXVariantGroup section */

/* Begin XCBuildConfiguration section */
		F73844F71E7287D4000E7D18 /* Debug */ = {
			isa = XCBuildConfiguration;
			buildSettings = {
				ALWAYS_SEARCH_USER_PATHS = NO;
				CLANG_ANALYZER_NONNULL = YES;
				CLANG_CXX_LANGUAGE_STANDARD = "gnu++0x";
				CLANG_CXX_LIBRARY = "libc++";
				CLANG_ENABLE_MODULES = YES;
				CLANG_ENABLE_OBJC_ARC = YES;
				CLANG_WARN_BOOL_CONVERSION = YES;
				CLANG_WARN_CONSTANT_CONVERSION = YES;
				CLANG_WARN_DIRECT_OBJC_ISA_USAGE = YES_ERROR;
				CLANG_WARN_DOCUMENTATION_COMMENTS = YES;
				CLANG_WARN_EMPTY_BODY = YES;
				CLANG_WARN_ENUM_CONVERSION = YES;
				CLANG_WARN_INFINITE_RECURSION = YES;
				CLANG_WARN_INT_CONVERSION = YES;
				CLANG_WARN_OBJC_ROOT_CLASS = YES_ERROR;
				CLANG_WARN_SUSPICIOUS_MOVE = YES;
				CLANG_WARN_UNREACHABLE_CODE = YES;
				CLANG_WARN__DUPLICATE_METHOD_MATCH = YES;
				"CODE_SIGN_IDENTITY[sdk=iphoneos*]" = "iPhone Developer";
				COPY_PHASE_STRIP = NO;
				DEBUG_INFORMATION_FORMAT = dwarf;
				ENABLE_STRICT_OBJC_MSGSEND = YES;
				ENABLE_TESTABILITY = YES;
				GCC_C_LANGUAGE_STANDARD = gnu99;
				GCC_DYNAMIC_NO_PIC = NO;
				GCC_NO_COMMON_BLOCKS = YES;
				GCC_OPTIMIZATION_LEVEL = 0;
				GCC_PREPROCESSOR_DEFINITIONS = (
					"DEBUG=1",
					"$(inherited)",
				);
				GCC_WARN_64_TO_32_BIT_CONVERSION = YES;
				GCC_WARN_ABOUT_RETURN_TYPE = YES_ERROR;
				GCC_WARN_UNDECLARED_SELECTOR = YES;
				GCC_WARN_UNINITIALIZED_AUTOS = YES_AGGRESSIVE;
				GCC_WARN_UNUSED_FUNCTION = YES;
				GCC_WARN_UNUSED_VARIABLE = YES;
				IPHONEOS_DEPLOYMENT_TARGET = 10.2;
				MTL_ENABLE_DEBUG_INFO = YES;
				ONLY_ACTIVE_ARCH = YES;
				SDKROOT = iphoneos;
				SWIFT_ACTIVE_COMPILATION_CONDITIONS = DEBUG;
				SWIFT_OPTIMIZATION_LEVEL = "-Onone";
			};
			name = Debug;
		};
		F73844F81E7287D4000E7D18 /* Release */ = {
			isa = XCBuildConfiguration;
			buildSettings = {
				ALWAYS_SEARCH_USER_PATHS = NO;
				CLANG_ANALYZER_NONNULL = YES;
				CLANG_CXX_LANGUAGE_STANDARD = "gnu++0x";
				CLANG_CXX_LIBRARY = "libc++";
				CLANG_ENABLE_MODULES = YES;
				CLANG_ENABLE_OBJC_ARC = YES;
				CLANG_WARN_BOOL_CONVERSION = YES;
				CLANG_WARN_CONSTANT_CONVERSION = YES;
				CLANG_WARN_DIRECT_OBJC_ISA_USAGE = YES_ERROR;
				CLANG_WARN_DOCUMENTATION_COMMENTS = YES;
				CLANG_WARN_EMPTY_BODY = YES;
				CLANG_WARN_ENUM_CONVERSION = YES;
				CLANG_WARN_INFINITE_RECURSION = YES;
				CLANG_WARN_INT_CONVERSION = YES;
				CLANG_WARN_OBJC_ROOT_CLASS = YES_ERROR;
				CLANG_WARN_SUSPICIOUS_MOVE = YES;
				CLANG_WARN_UNREACHABLE_CODE = YES;
				CLANG_WARN__DUPLICATE_METHOD_MATCH = YES;
				"CODE_SIGN_IDENTITY[sdk=iphoneos*]" = "iPhone Developer";
				COPY_PHASE_STRIP = NO;
				DEBUG_INFORMATION_FORMAT = "dwarf-with-dsym";
				ENABLE_NS_ASSERTIONS = NO;
				ENABLE_STRICT_OBJC_MSGSEND = YES;
				GCC_C_LANGUAGE_STANDARD = gnu99;
				GCC_NO_COMMON_BLOCKS = YES;
				GCC_WARN_64_TO_32_BIT_CONVERSION = YES;
				GCC_WARN_ABOUT_RETURN_TYPE = YES_ERROR;
				GCC_WARN_UNDECLARED_SELECTOR = YES;
				GCC_WARN_UNINITIALIZED_AUTOS = YES_AGGRESSIVE;
				GCC_WARN_UNUSED_FUNCTION = YES;
				GCC_WARN_UNUSED_VARIABLE = YES;
				IPHONEOS_DEPLOYMENT_TARGET = 10.2;
				MTL_ENABLE_DEBUG_INFO = NO;
				SDKROOT = iphoneos;
				SWIFT_OPTIMIZATION_LEVEL = "-Owholemodule";
				VALIDATE_PRODUCT = YES;
			};
			name = Release;
		};
		F73844FA1E7287D4000E7D18 /* Debug */ = {
			isa = XCBuildConfiguration;
			buildSettings = {
				ASSETCATALOG_COMPILER_APPICON_NAME = AppIcon;
				DEVELOPMENT_TEAM = DEQGLB9PU4;
				INFOPLIST_FILE = "inspix-iOS/Info.plist";
				LD_RUNPATH_SEARCH_PATHS = "$(inherited) @executable_path/Frameworks";
				PRODUCT_BUNDLE_IDENTIFIER = "io.github.natmark.inspix-iOS";
				PRODUCT_NAME = "$(TARGET_NAME)";
				SWIFT_VERSION = 3.0;
			};
			name = Debug;
		};
		F73844FB1E7287D4000E7D18 /* Release */ = {
			isa = XCBuildConfiguration;
			buildSettings = {
				ASSETCATALOG_COMPILER_APPICON_NAME = AppIcon;
				DEVELOPMENT_TEAM = DEQGLB9PU4;
				INFOPLIST_FILE = "inspix-iOS/Info.plist";
				LD_RUNPATH_SEARCH_PATHS = "$(inherited) @executable_path/Frameworks";
				PRODUCT_BUNDLE_IDENTIFIER = "io.github.natmark.inspix-iOS";
				PRODUCT_NAME = "$(TARGET_NAME)";
				SWIFT_VERSION = 3.0;
			};
			name = Release;
		};
		F73844FD1E7287D4000E7D18 /* Debug */ = {
			isa = XCBuildConfiguration;
			buildSettings = {
				ALWAYS_EMBED_SWIFT_STANDARD_LIBRARIES = YES;
				BUNDLE_LOADER = "$(TEST_HOST)";
				DEVELOPMENT_TEAM = DEQGLB9PU4;
				INFOPLIST_FILE = "inspix-iOSTests/Info.plist";
				LD_RUNPATH_SEARCH_PATHS = "$(inherited) @executable_path/Frameworks @loader_path/Frameworks";
				PRODUCT_BUNDLE_IDENTIFIER = "io.github.natmark.inspix-iOSTests";
				PRODUCT_NAME = "$(TARGET_NAME)";
				SWIFT_VERSION = 3.0;
				TEST_HOST = "$(BUILT_PRODUCTS_DIR)/inspix-iOS.app/inspix-iOS";
			};
			name = Debug;
		};
		F73844FE1E7287D4000E7D18 /* Release */ = {
			isa = XCBuildConfiguration;
			buildSettings = {
				ALWAYS_EMBED_SWIFT_STANDARD_LIBRARIES = YES;
				BUNDLE_LOADER = "$(TEST_HOST)";
				DEVELOPMENT_TEAM = DEQGLB9PU4;
				INFOPLIST_FILE = "inspix-iOSTests/Info.plist";
				LD_RUNPATH_SEARCH_PATHS = "$(inherited) @executable_path/Frameworks @loader_path/Frameworks";
				PRODUCT_BUNDLE_IDENTIFIER = "io.github.natmark.inspix-iOSTests";
				PRODUCT_NAME = "$(TARGET_NAME)";
				SWIFT_VERSION = 3.0;
				TEST_HOST = "$(BUILT_PRODUCTS_DIR)/inspix-iOS.app/inspix-iOS";
			};
			name = Release;
		};
/* End XCBuildConfiguration section */

/* Begin XCConfigurationList section */
		F73844D41E7287D3000E7D18 /* Build configuration list for PBXProject "inspix-iOS" */ = {
			isa = XCConfigurationList;
			buildConfigurations = (
				F73844F71E7287D4000E7D18 /* Debug */,
				F73844F81E7287D4000E7D18 /* Release */,
			);
			defaultConfigurationIsVisible = 0;
			defaultConfigurationName = Release;
		};
		F73844F91E7287D4000E7D18 /* Build configuration list for PBXNativeTarget "inspix-iOS" */ = {
			isa = XCConfigurationList;
			buildConfigurations = (
				F73844FA1E7287D4000E7D18 /* Debug */,
				F73844FB1E7287D4000E7D18 /* Release */,
			);
			defaultConfigurationIsVisible = 0;
		};
		F73844FC1E7287D4000E7D18 /* Build configuration list for PBXNativeTarget "inspix-iOSTests" */ = {
			isa = XCConfigurationList;
			buildConfigurations = (
				F73844FD1E7287D4000E7D18 /* Debug */,
				F73844FE1E7287D4000E7D18 /* Release */,
			);
			defaultConfigurationIsVisible = 0;
		};
/* End XCConfigurationList section */

/* Begin XCVersionGroup section */
		F73844E31E7287D4000E7D18 /* inspix_iOS.xcdatamodeld */ = {
			isa = XCVersionGroup;
			children = (
				F73844E41E7287D4000E7D18 /* inspix_iOS.xcdatamodel */,
			);
			currentVersion = F73844E41E7287D4000E7D18 /* inspix_iOS.xcdatamodel */;
			path = inspix_iOS.xcdatamodeld;
			sourceTree = "<group>";
			versionGroupType = wrapper.xcdatamodel;
		};
/* End XCVersionGroup section */
	};
	rootObject = F73844D11E7287D3000E7D18 /* Project object */;
}
