// !$*UTF8*$!
{
	archiveVersion = 1;
	classes = {
	};
	objectVersion = 46;
	objects = {

/* Begin PBXBuildFile section */
		F73844DD1E7287D4000E7D18 /* AppDelegate.swift in Sources */ = {isa = PBXBuildFile; fileRef = F73844DC1E7287D3000E7D18 /* AppDelegate.swift */; };
		F73844E21E7287D4000E7D18 /* Main.storyboard in Resources */ = {isa = PBXBuildFile; fileRef = F73844E01E7287D4000E7D18 /* Main.storyboard */; };
		F73844E51E7287D4000E7D18 /* inspix_iOS.xcdatamodeld in Sources */ = {isa = PBXBuildFile; fileRef = F73844E31E7287D4000E7D18 /* inspix_iOS.xcdatamodeld */; };
		F73844E71E7287D4000E7D18 /* Assets.xcassets in Resources */ = {isa = PBXBuildFile; fileRef = F73844E61E7287D4000E7D18 /* Assets.xcassets */; };
		F73844EA1E7287D4000E7D18 /* LaunchScreen.storyboard in Resources */ = {isa = PBXBuildFile; fileRef = F73844E81E7287D4000E7D18 /* LaunchScreen.storyboard */; };
		F73844F51E7287D4000E7D18 /* inspix_iOSTests.swift in Sources */ = {isa = PBXBuildFile; fileRef = F73844F41E7287D4000E7D18 /* inspix_iOSTests.swift */; };
		F73965161E77CAD500F347C3 /* String.swift in Sources */ = {isa = PBXBuildFile; fileRef = F73965151E77CAD500F347C3 /* String.swift */; };
		F748D0401E77D39C001C9419 /* PKHUD.framework in Frameworks */ = {isa = PBXBuildFile; fileRef = F748D03F1E77D39C001C9419 /* PKHUD.framework */; };
		F748D0421E77D7A1001C9419 /* UserLogin.swift in Sources */ = {isa = PBXBuildFile; fileRef = F748D0411E77D7A1001C9419 /* UserLogin.swift */; };
		F748D0441E7804BB001C9419 /* MyPageTableViewController.swift in Sources */ = {isa = PBXBuildFile; fileRef = F748D0431E7804BB001C9419 /* MyPageTableViewController.swift */; };
		F748D04A1E7805C4001C9419 /* Common.xcassets in Resources */ = {isa = PBXBuildFile; fileRef = F748D0491E7805C4001C9419 /* Common.xcassets */; };
		F748D04C1E780629001C9419 /* NotificationTableViewController.swift in Sources */ = {isa = PBXBuildFile; fileRef = F748D04B1E780629001C9419 /* NotificationTableViewController.swift */; };
		F748D04E1E780658001C9419 /* PhotoViewController.swift in Sources */ = {isa = PBXBuildFile; fileRef = F748D04D1E780658001C9419 /* PhotoViewController.swift */; };
		F748D0501E780669001C9419 /* CameraViewController.swift in Sources */ = {isa = PBXBuildFile; fileRef = F748D04F1E780669001C9419 /* CameraViewController.swift */; };
		F748D0541E781528001C9419 /* HomeViewController.swift in Sources */ = {isa = PBXBuildFile; fileRef = F748D0531E781528001C9419 /* HomeViewController.swift */; };
		F748D0561E78D0F2001C9419 /* DrawableView.swift in Sources */ = {isa = PBXBuildFile; fileRef = F748D0551E78D0F2001C9419 /* DrawableView.swift */; };
		F748D0581E78D12A001C9419 /* UIColor.swift in Sources */ = {isa = PBXBuildFile; fileRef = F748D0571E78D12A001C9419 /* UIColor.swift */; };
		F748D05A1E78D14F001C9419 /* CameraView.swift in Sources */ = {isa = PBXBuildFile; fileRef = F748D0591E78D14F001C9419 /* CameraView.swift */; };
		F748E40F1E76946500356B7E /* LoginViewController.swift in Sources */ = {isa = PBXBuildFile; fileRef = F748E40E1E76946500356B7E /* LoginViewController.swift */; };
		F748E4301E77851600356B7E /* APIKit.framework in Frameworks */ = {isa = PBXBuildFile; fileRef = F748E42B1E77851600356B7E /* APIKit.framework */; };
		F748E4311E77851600356B7E /* Decodable.framework in Frameworks */ = {isa = PBXBuildFile; fileRef = F748E42C1E77851600356B7E /* Decodable.framework */; };
		F748E4321E77851600356B7E /* PINCache.framework in Frameworks */ = {isa = PBXBuildFile; fileRef = F748E42D1E77851600356B7E /* PINCache.framework */; };
		F748E4331E77851600356B7E /* PINRemoteImage.framework in Frameworks */ = {isa = PBXBuildFile; fileRef = F748E42E1E77851600356B7E /* PINRemoteImage.framework */; };
		F748E4341E77851600356B7E /* Result.framework in Frameworks */ = {isa = PBXBuildFile; fileRef = F748E42F1E77851600356B7E /* Result.framework */; };
		F748E4491E77BBF400356B7E /* UserRegist.swift in Sources */ = {isa = PBXBuildFile; fileRef = F748E4481E77BBF400356B7E /* UserRegist.swift */; };
		F748E44B1E77BBFA00356B7E /* InspixRequest.swift in Sources */ = {isa = PBXBuildFile; fileRef = F748E44A1E77BBFA00356B7E /* InspixRequest.swift */; };
		F748E44F1E77BD5300356B7E /* Util.swift in Sources */ = {isa = PBXBuildFile; fileRef = F748E44E1E77BD5300356B7E /* Util.swift */; };
		F748E4511E77BD8B00356B7E /* UserConfigManager.swift in Sources */ = {isa = PBXBuildFile; fileRef = F748E4501E77BD8B00356B7E /* UserConfigManager.swift */; };
		F748E4531E77C57700356B7E /* UserRegistViewController.swift in Sources */ = {isa = PBXBuildFile; fileRef = F748E4521E77C57700356B7E /* UserRegistViewController.swift */; };
		F748E4551E77C63B00356B7E /* CryptoSwift.framework in Frameworks */ = {isa = PBXBuildFile; fileRef = F748E4541E77C63B00356B7E /* CryptoSwift.framework */; };
		F7B33FC01E79071800328883 /* Camera.xcassets in Resources */ = {isa = PBXBuildFile; fileRef = F7B33FBF1E79071800328883 /* Camera.xcassets */; };
		F7B33FC41E791D2900328883 /* GuideView.swift in Sources */ = {isa = PBXBuildFile; fileRef = F7B33FC31E791D2900328883 /* GuideView.swift */; };
		F7B340391E79714800328883 /* Login.xcassets in Resources */ = {isa = PBXBuildFile; fileRef = F7B340381E79714800328883 /* Login.xcassets */; };
		F7B3403D1E7984B200328883 /* Home.xcassets in Resources */ = {isa = PBXBuildFile; fileRef = F7B3403C1E7984B200328883 /* Home.xcassets */; };
		F7B3403F1E79863A00328883 /* ShareViewController.swift in Sources */ = {isa = PBXBuildFile; fileRef = F7B3403E1E79863A00328883 /* ShareViewController.swift */; };
/* End PBXBuildFile section */

/* Begin PBXContainerItemProxy section */
		F73844F11E7287D4000E7D18 /* PBXContainerItemProxy */ = {
			isa = PBXContainerItemProxy;
			containerPortal = F73844D11E7287D3000E7D18 /* Project object */;
			proxyType = 1;
			remoteGlobalIDString = F73844D81E7287D3000E7D18;
			remoteInfo = "inspix-iOS";
		};
/* End PBXContainerItemProxy section */

/* Begin PBXFileReference section */
		F73844D91E7287D3000E7D18 /* inspix-iOS.app */ = {isa = PBXFileReference; explicitFileType = wrapper.application; includeInIndex = 0; path = "inspix-iOS.app"; sourceTree = BUILT_PRODUCTS_DIR; };
		F73844DC1E7287D3000E7D18 /* AppDelegate.swift */ = {isa = PBXFileReference; lastKnownFileType = sourcecode.swift; path = AppDelegate.swift; sourceTree = "<group>"; };
		F73844E11E7287D4000E7D18 /* Base */ = {isa = PBXFileReference; lastKnownFileType = file.storyboard; name = Base; path = Base.lproj/Main.storyboard; sourceTree = "<group>"; };
		F73844E41E7287D4000E7D18 /* inspix_iOS.xcdatamodel */ = {isa = PBXFileReference; lastKnownFileType = wrapper.xcdatamodel; path = inspix_iOS.xcdatamodel; sourceTree = "<group>"; };
		F73844E61E7287D4000E7D18 /* Assets.xcassets */ = {isa = PBXFileReference; lastKnownFileType = folder.assetcatalog; path = Assets.xcassets; sourceTree = "<group>"; };
		F73844E91E7287D4000E7D18 /* Base */ = {isa = PBXFileReference; lastKnownFileType = file.storyboard; name = Base; path = Base.lproj/LaunchScreen.storyboard; sourceTree = "<group>"; };
		F73844EB1E7287D4000E7D18 /* Info.plist */ = {isa = PBXFileReference; lastKnownFileType = text.plist.xml; path = Info.plist; sourceTree = "<group>"; };
		F73844F01E7287D4000E7D18 /* inspix-iOSTests.xctest */ = {isa = PBXFileReference; explicitFileType = wrapper.cfbundle; includeInIndex = 0; path = "inspix-iOSTests.xctest"; sourceTree = BUILT_PRODUCTS_DIR; };
		F73844F41E7287D4000E7D18 /* inspix_iOSTests.swift */ = {isa = PBXFileReference; lastKnownFileType = sourcecode.swift; path = inspix_iOSTests.swift; sourceTree = "<group>"; };
		F73844F61E7287D4000E7D18 /* Info.plist */ = {isa = PBXFileReference; lastKnownFileType = text.plist.xml; path = Info.plist; sourceTree = "<group>"; };
		F73965151E77CAD500F347C3 /* String.swift */ = {isa = PBXFileReference; fileEncoding = 4; lastKnownFileType = sourcecode.swift; path = String.swift; sourceTree = "<group>"; };
		F748D03F1E77D39C001C9419 /* PKHUD.framework */ = {isa = PBXFileReference; lastKnownFileType = wrapper.framework; name = PKHUD.framework; path = Carthage/Build/iOS/PKHUD.framework; sourceTree = "<group>"; };
		F748D0411E77D7A1001C9419 /* UserLogin.swift */ = {isa = PBXFileReference; fileEncoding = 4; lastKnownFileType = sourcecode.swift; path = UserLogin.swift; sourceTree = "<group>"; };
		F748D0431E7804BB001C9419 /* MyPageTableViewController.swift */ = {isa = PBXFileReference; fileEncoding = 4; lastKnownFileType = sourcecode.swift; name = MyPageTableViewController.swift; path = ../../storyboards/MyPageTableViewController.swift; sourceTree = "<group>"; };
		F748D0491E7805C4001C9419 /* Common.xcassets */ = {isa = PBXFileReference; lastKnownFileType = folder.assetcatalog; path = Common.xcassets; sourceTree = "<group>"; };
		F748D04B1E780629001C9419 /* NotificationTableViewController.swift */ = {isa = PBXFileReference; fileEncoding = 4; lastKnownFileType = sourcecode.swift; path = NotificationTableViewController.swift; sourceTree = "<group>"; };
		F748D04D1E780658001C9419 /* PhotoViewController.swift */ = {isa = PBXFileReference; fileEncoding = 4; lastKnownFileType = sourcecode.swift; path = PhotoViewController.swift; sourceTree = "<group>"; };
		F748D04F1E780669001C9419 /* CameraViewController.swift */ = {isa = PBXFileReference; fileEncoding = 4; lastKnownFileType = sourcecode.swift; path = CameraViewController.swift; sourceTree = "<group>"; };
		F748D0531E781528001C9419 /* HomeViewController.swift */ = {isa = PBXFileReference; fileEncoding = 4; lastKnownFileType = sourcecode.swift; path = HomeViewController.swift; sourceTree = "<group>"; };
		F748D0551E78D0F2001C9419 /* DrawableView.swift */ = {isa = PBXFileReference; fileEncoding = 4; lastKnownFileType = sourcecode.swift; path = DrawableView.swift; sourceTree = "<group>"; };
		F748D0571E78D12A001C9419 /* UIColor.swift */ = {isa = PBXFileReference; fileEncoding = 4; lastKnownFileType = sourcecode.swift; path = UIColor.swift; sourceTree = "<group>"; };
		F748D0591E78D14F001C9419 /* CameraView.swift */ = {isa = PBXFileReference; fileEncoding = 4; lastKnownFileType = sourcecode.swift; path = CameraView.swift; sourceTree = "<group>"; };
		F748E40E1E76946500356B7E /* LoginViewController.swift */ = {isa = PBXFileReference; fileEncoding = 4; lastKnownFileType = sourcecode.swift; path = LoginViewController.swift; sourceTree = "<group>"; };
		F748E42B1E77851600356B7E /* APIKit.framework */ = {isa = PBXFileReference; lastKnownFileType = wrapper.framework; name = APIKit.framework; path = Carthage/Build/iOS/APIKit.framework; sourceTree = "<group>"; };
		F748E42C1E77851600356B7E /* Decodable.framework */ = {isa = PBXFileReference; lastKnownFileType = wrapper.framework; name = Decodable.framework; path = Carthage/Build/iOS/Decodable.framework; sourceTree = "<group>"; };
		F748E42D1E77851600356B7E /* PINCache.framework */ = {isa = PBXFileReference; lastKnownFileType = wrapper.framework; name = PINCache.framework; path = Carthage/Build/iOS/PINCache.framework; sourceTree = "<group>"; };
		F748E42E1E77851600356B7E /* PINRemoteImage.framework */ = {isa = PBXFileReference; lastKnownFileType = wrapper.framework; name = PINRemoteImage.framework; path = Carthage/Build/iOS/PINRemoteImage.framework; sourceTree = "<group>"; };
		F748E42F1E77851600356B7E /* Result.framework */ = {isa = PBXFileReference; lastKnownFileType = wrapper.framework; name = Result.framework; path = Carthage/Build/iOS/Result.framework; sourceTree = "<group>"; };
		F748E4481E77BBF400356B7E /* UserRegist.swift */ = {isa = PBXFileReference; fileEncoding = 4; lastKnownFileType = sourcecode.swift; path = UserRegist.swift; sourceTree = "<group>"; };
		F748E44A1E77BBFA00356B7E /* InspixRequest.swift */ = {isa = PBXFileReference; fileEncoding = 4; lastKnownFileType = sourcecode.swift; path = InspixRequest.swift; sourceTree = "<group>"; };
		F748E44E1E77BD5300356B7E /* Util.swift */ = {isa = PBXFileReference; fileEncoding = 4; lastKnownFileType = sourcecode.swift; path = Util.swift; sourceTree = "<group>"; };
		F748E4501E77BD8B00356B7E /* UserConfigManager.swift */ = {isa = PBXFileReference; fileEncoding = 4; lastKnownFileType = sourcecode.swift; path = UserConfigManager.swift; sourceTree = "<group>"; };
		F748E4521E77C57700356B7E /* UserRegistViewController.swift */ = {isa = PBXFileReference; fileEncoding = 4; lastKnownFileType = sourcecode.swift; path = UserRegistViewController.swift; sourceTree = "<group>"; };
		F748E4541E77C63B00356B7E /* CryptoSwift.framework */ = {isa = PBXFileReference; lastKnownFileType = wrapper.framework; name = CryptoSwift.framework; path = Carthage/Build/iOS/CryptoSwift.framework; sourceTree = "<group>"; };
		F7B33FBF1E79071800328883 /* Camera.xcassets */ = {isa = PBXFileReference; lastKnownFileType = folder.assetcatalog; path = Camera.xcassets; sourceTree = "<group>"; };
		F7B33FC31E791D2900328883 /* GuideView.swift */ = {isa = PBXFileReference; fileEncoding = 4; lastKnownFileType = sourcecode.swift; path = GuideView.swift; sourceTree = "<group>"; };
		F7B340381E79714800328883 /* Login.xcassets */ = {isa = PBXFileReference; lastKnownFileType = folder.assetcatalog; path = Login.xcassets; sourceTree = "<group>"; };
		F7B3403C1E7984B200328883 /* Home.xcassets */ = {isa = PBXFileReference; lastKnownFileType = folder.assetcatalog; path = Home.xcassets; sourceTree = "<group>"; };
		F7B3403E1E79863A00328883 /* ShareViewController.swift */ = {isa = PBXFileReference; fileEncoding = 4; lastKnownFileType = sourcecode.swift; path = ShareViewController.swift; sourceTree = "<group>"; };
/* End PBXFileReference section */

/* Begin PBXFrameworksBuildPhase section */
		F73844D61E7287D3000E7D18 /* Frameworks */ = {
			isa = PBXFrameworksBuildPhase;
			buildActionMask = 2147483647;
			files = (
				F748D0401E77D39C001C9419 /* PKHUD.framework in Frameworks */,
				F748E4551E77C63B00356B7E /* CryptoSwift.framework in Frameworks */,
				F748E4301E77851600356B7E /* APIKit.framework in Frameworks */,
				F748E4311E77851600356B7E /* Decodable.framework in Frameworks */,
				F748E4321E77851600356B7E /* PINCache.framework in Frameworks */,
				F748E4331E77851600356B7E /* PINRemoteImage.framework in Frameworks */,
				F748E4341E77851600356B7E /* Result.framework in Frameworks */,
			);
			runOnlyForDeploymentPostprocessing = 0;
		};
		F73844ED1E7287D4000E7D18 /* Frameworks */ = {
			isa = PBXFrameworksBuildPhase;
			buildActionMask = 2147483647;
			files = (
			);
			runOnlyForDeploymentPostprocessing = 0;
		};
/* End PBXFrameworksBuildPhase section */

/* Begin PBXGroup section */
		F73844D01E7287D3000E7D18 = {
			isa = PBXGroup;
			children = (
				F748E42A1E77851500356B7E /* Frameworks */,
				F73844DA1E7287D3000E7D18 /* Products */,
				F73844DB1E7287D3000E7D18 /* inspix-iOS */,
				F73844F31E7287D4000E7D18 /* inspix-iOSTests */,
			);
			sourceTree = "<group>";
		};
		F73844DA1E7287D3000E7D18 /* Products */ = {
			isa = PBXGroup;
			children = (
				F73844D91E7287D3000E7D18 /* inspix-iOS.app */,
				F73844F01E7287D4000E7D18 /* inspix-iOSTests.xctest */,
			);
			name = Products;
			sourceTree = "<group>";
		};
		F73844DB1E7287D3000E7D18 /* inspix-iOS */ = {
			isa = PBXGroup;
			children = (
				F748E41E1E769C1400356B7E /* assets */,
				F748E4201E769C4E00356B7E /* src */,
				F748E41F1E769C2C00356B7E /* storyboards */,
				F73844DC1E7287D3000E7D18 /* AppDelegate.swift */,
				F73844EB1E7287D4000E7D18 /* Info.plist */,
				F73844E81E7287D4000E7D18 /* LaunchScreen.storyboard */,
				F73844E31E7287D4000E7D18 /* inspix_iOS.xcdatamodeld */,
			);
			path = "inspix-iOS";
			sourceTree = "<group>";
		};
		F73844F31E7287D4000E7D18 /* inspix-iOSTests */ = {
			isa = PBXGroup;
			children = (
				F73844F61E7287D4000E7D18 /* Info.plist */,
				F73844F41E7287D4000E7D18 /* inspix_iOSTests.swift */,
			);
			path = "inspix-iOSTests";
			sourceTree = "<group>";
		};
		F748E41E1E769C1400356B7E /* assets */ = {
			isa = PBXGroup;
			children = (
				F73844E61E7287D4000E7D18 /* Assets.xcassets */,
				F7B33FBF1E79071800328883 /* Camera.xcassets */,
				F748D0491E7805C4001C9419 /* Common.xcassets */,
				F7B340381E79714800328883 /* Login.xcassets */,
				F7B3403C1E7984B200328883 /* Home.xcassets */,
			);
			path = assets;
			sourceTree = "<group>";
		};
		F748E41F1E769C2C00356B7E /* storyboards */ = {
			isa = PBXGroup;
			children = (
				F73844E01E7287D4000E7D18 /* Main.storyboard */,
			);
			path = storyboards;
			sourceTree = "<group>";
		};
		F748E4201E769C4E00356B7E /* src */ = {
			isa = PBXGroup;
			children = (
				F748E4241E769C8300356B7E /* commons */,
				F748E4261E769C8F00356B7E /* connection */,
				F748E4251E769C8B00356B7E /* const */,
				F748E4211E769C6500356B7E /* controllers */,
				F748E4231E769C7D00356B7E /* models */,
				F748E4221E769C7400356B7E /* views */,
			);
			path = src;
			sourceTree = "<group>";
		};
		F748E4211E769C6500356B7E /* controllers */ = {
			isa = PBXGroup;
			children = (
				F748D0431E7804BB001C9419 /* MyPageTableViewController.swift */,
				F748D04D1E780658001C9419 /* PhotoViewController.swift */,
				F748D04F1E780669001C9419 /* CameraViewController.swift */,
				F7B3403E1E79863A00328883 /* ShareViewController.swift */,
				F748D0531E781528001C9419 /* HomeViewController.swift */,
				F748D04B1E780629001C9419 /* NotificationTableViewController.swift */,
				F748E40E1E76946500356B7E /* LoginViewController.swift */,
				F748E4521E77C57700356B7E /* UserRegistViewController.swift */,
			);
			path = controllers;
			sourceTree = "<group>";
		};
		F748E4221E769C7400356B7E /* views */ = {
			isa = PBXGroup;
			children = (
				F748D0591E78D14F001C9419 /* CameraView.swift */,
				F7B33FC31E791D2900328883 /* GuideView.swift */,
				F748D0551E78D0F2001C9419 /* DrawableView.swift */,
			);
			path = views;
			sourceTree = "<group>";
		};
		F748E4231E769C7D00356B7E /* models */ = {
			isa = PBXGroup;
			children = (
			);
			path = models;
			sourceTree = "<group>";
		};
		F748E4241E769C8300356B7E /* commons */ = {
			isa = PBXGroup;
			children = (
				F748E43D1E77BA4C00356B7E /* extensions */,
				F748E44E1E77BD5300356B7E /* Util.swift */,
				F748E4501E77BD8B00356B7E /* UserConfigManager.swift */,
			);
			path = commons;
			sourceTree = "<group>";
		};
		F748E4251E769C8B00356B7E /* const */ = {
			isa = PBXGroup;
			children = (
			);
			path = const;
			sourceTree = "<group>";
		};
		F748E4261E769C8F00356B7E /* connection */ = {
			isa = PBXGroup;
			children = (
				F748E4481E77BBF400356B7E /* UserRegist.swift */,
				F748D0411E77D7A1001C9419 /* UserLogin.swift */,
				F748E44A1E77BBFA00356B7E /* InspixRequest.swift */,
			);
			path = connection;
			sourceTree = "<group>";
		};
		F748E42A1E77851500356B7E /* Frameworks */ = {
			isa = PBXGroup;
			children = (
				F748D03F1E77D39C001C9419 /* PKHUD.framework */,
				F748E4541E77C63B00356B7E /* CryptoSwift.framework */,
				F748E42B1E77851600356B7E /* APIKit.framework */,
				F748E42C1E77851600356B7E /* Decodable.framework */,
				F748E42D1E77851600356B7E /* PINCache.framework */,
				F748E42E1E77851600356B7E /* PINRemoteImage.framework */,
				F748E42F1E77851600356B7E /* Result.framework */,
			);
			name = Frameworks;
			sourceTree = "<group>";
		};
		F748E43D1E77BA4C00356B7E /* extensions */ = {
			isa = PBXGroup;
			children = (
				F73965151E77CAD500F347C3 /* String.swift */,
				F748D0571E78D12A001C9419 /* UIColor.swift */,
			);
			path = extensions;
			sourceTree = "<group>";
		};
/* End PBXGroup section */

/* Begin PBXNativeTarget section */
		F73844D81E7287D3000E7D18 /* inspix-iOS */ = {
			isa = PBXNativeTarget;
			buildConfigurationList = F73844F91E7287D4000E7D18 /* Build configuration list for PBXNativeTarget "inspix-iOS" */;
			buildPhases = (
				F73844D51E7287D3000E7D18 /* Sources */,
				F73844D61E7287D3000E7D18 /* Frameworks */,
				F73844D71E7287D3000E7D18 /* Resources */,
				F748E4291E7784CD00356B7E /* ShellScript */,
			);
			buildRules = (
			);
			dependencies = (
			);
			name = "inspix-iOS";
			productName = "inspix-iOS";
			productReference = F73844D91E7287D3000E7D18 /* inspix-iOS.app */;
			productType = "com.apple.product-type.application";
		};
		F73844EF1E7287D4000E7D18 /* inspix-iOSTests */ = {
			isa = PBXNativeTarget;
			buildConfigurationList = F73844FC1E7287D4000E7D18 /* Build configuration list for PBXNativeTarget "inspix-iOSTests" */;
			buildPhases = (
				F73844EC1E7287D4000E7D18 /* Sources */,
				F73844ED1E7287D4000E7D18 /* Frameworks */,
				F73844EE1E7287D4000E7D18 /* Resources */,
			);
			buildRules = (
			);
			dependencies = (
				F73844F21E7287D4000E7D18 /* PBXTargetDependency */,
			);
			name = "inspix-iOSTests";
			productName = "inspix-iOSTests";
			productReference = F73844F01E7287D4000E7D18 /* inspix-iOSTests.xctest */;
			productType = "com.apple.product-type.bundle.unit-test";
		};
/* End PBXNativeTarget section */

/* Begin PBXProject section */
		F73844D11E7287D3000E7D18 /* Project object */ = {
			isa = PBXProject;
			attributes = {
				LastSwiftUpdateCheck = 0820;
				LastUpgradeCheck = 0820;
				ORGANIZATIONNAME = "Atsuya Sato";
				TargetAttributes = {
					F73844D81E7287D3000E7D18 = {
						CreatedOnToolsVersion = 8.2.1;
						DevelopmentTeam = DEQGLB9PU4;
						ProvisioningStyle = Automatic;
					};
					F73844EF1E7287D4000E7D18 = {
						CreatedOnToolsVersion = 8.2.1;
						DevelopmentTeam = DEQGLB9PU4;
						ProvisioningStyle = Automatic;
						TestTargetID = F73844D81E7287D3000E7D18;
					};
				};
			};
			buildConfigurationList = F73844D41E7287D3000E7D18 /* Build configuration list for PBXProject "inspix-iOS" */;
			compatibilityVersion = "Xcode 3.2";
			developmentRegion = English;
			hasScannedForEncodings = 0;
			knownRegions = (
				en,
				Base,
			);
			mainGroup = F73844D01E7287D3000E7D18;
			productRefGroup = F73844DA1E7287D3000E7D18 /* Products */;
			projectDirPath = "";
			projectRoot = "";
			targets = (
				F73844D81E7287D3000E7D18 /* inspix-iOS */,
				F73844EF1E7287D4000E7D18 /* inspix-iOSTests */,
			);
		};
/* End PBXProject section */

/* Begin PBXResourcesBuildPhase section */
		F73844D71E7287D3000E7D18 /* Resources */ = {
			isa = PBXResourcesBuildPhase;
			buildActionMask = 2147483647;
			files = (
				F748D04A1E7805C4001C9419 /* Common.xcassets in Resources */,
				F7B340391E79714800328883 /* Login.xcassets in Resources */,
				F7B33FC01E79071800328883 /* Camera.xcassets in Resources */,
				F73844EA1E7287D4000E7D18 /* LaunchScreen.storyboard in Resources */,
				F7B3403D1E7984B200328883 /* Home.xcassets in Resources */,
				F73844E71E7287D4000E7D18 /* Assets.xcassets in Resources */,
				F73844E21E7287D4000E7D18 /* Main.storyboard in Resources */,
			);
			runOnlyForDeploymentPostprocessing = 0;
		};
		F73844EE1E7287D4000E7D18 /* Resources */ = {
			isa = PBXResourcesBuildPhase;
			buildActionMask = 2147483647;
			files = (
			);
			runOnlyForDeploymentPostprocessing = 0;
		};
/* End PBXResourcesBuildPhase section */

/* Begin PBXShellScriptBuildPhase section */
		F748E4291E7784CD00356B7E /* ShellScript */ = {
			isa = PBXShellScriptBuildPhase;
			buildActionMask = 2147483647;
			files = (
			);
			inputPaths = (
				"$(SRCROOT)/Carthage/Build/iOS/APIKit.framework",
				"$(SRCROOT)/Carthage/Build/iOS/Decodable.framework",
				"$(SRCROOT)/Carthage/Build/iOS/PINCache.framework",
				"$(SRCROOT)/Carthage/Build/iOS/PINRemoteImage.framework",
				"$(SRCROOT)/Carthage/Build/iOS/Result.framework",
				"$(SRCROOT)/Carthage/Build/iOS/CryptoSwift.framework",
				"$(SRCROOT)/Carthage/Build/iOS/PKHUD.framework",
			);
			outputPaths = (
			);
			runOnlyForDeploymentPostprocessing = 0;
			shellPath = /bin/sh;
			shellScript = "/usr/local/bin/carthage copy-frameworks";
		};
/* End PBXShellScriptBuildPhase section */

/* Begin PBXSourcesBuildPhase section */
		F73844D51E7287D3000E7D18 /* Sources */ = {
			isa = PBXSourcesBuildPhase;
			buildActionMask = 2147483647;
			files = (
				F748D04C1E780629001C9419 /* NotificationTableViewController.swift in Sources */,
				F748E44B1E77BBFA00356B7E /* InspixRequest.swift in Sources */,
				F7B3403F1E79863A00328883 /* ShareViewController.swift in Sources */,
				F748E4531E77C57700356B7E /* UserRegistViewController.swift in Sources */,
				F748D05A1E78D14F001C9419 /* CameraView.swift in Sources */,
				F748D0541E781528001C9419 /* HomeViewController.swift in Sources */,
				F73965161E77CAD500F347C3 /* String.swift in Sources */,
				F748E4491E77BBF400356B7E /* UserRegist.swift in Sources */,
				F748D0561E78D0F2001C9419 /* DrawableView.swift in Sources */,
				F748D0421E77D7A1001C9419 /* UserLogin.swift in Sources */,
				F748D0581E78D12A001C9419 /* UIColor.swift in Sources */,
				F748E40F1E76946500356B7E /* LoginViewController.swift in Sources */,
				F748E44F1E77BD5300356B7E /* Util.swift in Sources */,
				F748D0441E7804BB001C9419 /* MyPageTableViewController.swift in Sources */,
				F7B33FC41E791D2900328883 /* GuideView.swift in Sources */,
				F73844DD1E7287D4000E7D18 /* AppDelegate.swift in Sources */,
				F748D0501E780669001C9419 /* CameraViewController.swift in Sources */,
				F748D04E1E780658001C9419 /* PhotoViewController.swift in Sources */,
				F748E4511E77BD8B00356B7E /* UserConfigManager.swift in Sources */,
				F73844E51E7287D4000E7D18 /* inspix_iOS.xcdatamodeld in Sources */,
			);
			runOnlyForDeploymentPostprocessing = 0;
		};
		F73844EC1E7287D4000E7D18 /* Sources */ = {
			isa = PBXSourcesBuildPhase;
			buildActionMask = 2147483647;
			files = (
				F73844F51E7287D4000E7D18 /* inspix_iOSTests.swift in Sources */,
			);
			runOnlyForDeploymentPostprocessing = 0;
		};
/* End PBXSourcesBuildPhase section */

/* Begin PBXTargetDependency section */
		F73844F21E7287D4000E7D18 /* PBXTargetDependency */ = {
			isa = PBXTargetDependency;
			target = F73844D81E7287D3000E7D18 /* inspix-iOS */;
			targetProxy = F73844F11E7287D4000E7D18 /* PBXContainerItemProxy */;
		};
/* End PBXTargetDependency section */

/* Begin PBXVariantGroup section */
		F73844E01E7287D4000E7D18 /* Main.storyboard */ = {
			isa = PBXVariantGroup;
			children = (
				F73844E11E7287D4000E7D18 /* Base */,
			);
			name = Main.storyboard;
			path = .;
			sourceTree = "<group>";
		};
		F73844E81E7287D4000E7D18 /* LaunchScreen.storyboard */ = {
			isa = PBXVariantGroup;
			children = (
				F73844E91E7287D4000E7D18 /* Base */,
			);
			name = LaunchScreen.storyboard;
			path = .;
			sourceTree = "<group>";
		};
/* End PBXVariantGroup section */

/* Begin XCBuildConfiguration section */
		F73844F71E7287D4000E7D18 /* Debug */ = {
			isa = XCBuildConfiguration;
			buildSettings = {
				ALWAYS_SEARCH_USER_PATHS = NO;
				CLANG_ANALYZER_NONNULL = YES;
				CLANG_CXX_LANGUAGE_STANDARD = "gnu++0x";
				CLANG_CXX_LIBRARY = "libc++";
				CLANG_ENABLE_MODULES = YES;
				CLANG_ENABLE_OBJC_ARC = YES;
				CLANG_WARN_BOOL_CONVERSION = YES;
				CLANG_WARN_CONSTANT_CONVERSION = YES;
				CLANG_WARN_DIRECT_OBJC_ISA_USAGE = YES_ERROR;
				CLANG_WARN_DOCUMENTATION_COMMENTS = YES;
				CLANG_WARN_EMPTY_BODY = YES;
				CLANG_WARN_ENUM_CONVERSION = YES;
				CLANG_WARN_INFINITE_RECURSION = YES;
				CLANG_WARN_INT_CONVERSION = YES;
				CLANG_WARN_OBJC_ROOT_CLASS = YES_ERROR;
				CLANG_WARN_SUSPICIOUS_MOVE = YES;
				CLANG_WARN_UNREACHABLE_CODE = YES;
				CLANG_WARN__DUPLICATE_METHOD_MATCH = YES;
				"CODE_SIGN_IDENTITY[sdk=iphoneos*]" = "iPhone Developer";
				COPY_PHASE_STRIP = NO;
				DEBUG_INFORMATION_FORMAT = dwarf;
				ENABLE_STRICT_OBJC_MSGSEND = YES;
				ENABLE_TESTABILITY = YES;
				GCC_C_LANGUAGE_STANDARD = gnu99;
				GCC_DYNAMIC_NO_PIC = NO;
				GCC_NO_COMMON_BLOCKS = YES;
				GCC_OPTIMIZATION_LEVEL = 0;
				GCC_PREPROCESSOR_DEFINITIONS = (
					"DEBUG=1",
					"$(inherited)",
				);
				GCC_WARN_64_TO_32_BIT_CONVERSION = YES;
				GCC_WARN_ABOUT_RETURN_TYPE = YES_ERROR;
				GCC_WARN_UNDECLARED_SELECTOR = YES;
				GCC_WARN_UNINITIALIZED_AUTOS = YES_AGGRESSIVE;
				GCC_WARN_UNUSED_FUNCTION = YES;
				GCC_WARN_UNUSED_VARIABLE = YES;
				IPHONEOS_DEPLOYMENT_TARGET = 10.2;
				MTL_ENABLE_DEBUG_INFO = YES;
				ONLY_ACTIVE_ARCH = YES;
				SDKROOT = iphoneos;
				SWIFT_ACTIVE_COMPILATION_CONDITIONS = DEBUG;
				SWIFT_OPTIMIZATION_LEVEL = "-Onone";
			};
			name = Debug;
		};
		F73844F81E7287D4000E7D18 /* Release */ = {
			isa = XCBuildConfiguration;
			buildSettings = {
				ALWAYS_SEARCH_USER_PATHS = NO;
				CLANG_ANALYZER_NONNULL = YES;
				CLANG_CXX_LANGUAGE_STANDARD = "gnu++0x";
				CLANG_CXX_LIBRARY = "libc++";
				CLANG_ENABLE_MODULES = YES;
				CLANG_ENABLE_OBJC_ARC = YES;
				CLANG_WARN_BOOL_CONVERSION = YES;
				CLANG_WARN_CONSTANT_CONVERSION = YES;
				CLANG_WARN_DIRECT_OBJC_ISA_USAGE = YES_ERROR;
				CLANG_WARN_DOCUMENTATION_COMMENTS = YES;
				CLANG_WARN_EMPTY_BODY = YES;
				CLANG_WARN_ENUM_CONVERSION = YES;
				CLANG_WARN_INFINITE_RECURSION = YES;
				CLANG_WARN_INT_CONVERSION = YES;
				CLANG_WARN_OBJC_ROOT_CLASS = YES_ERROR;
				CLANG_WARN_SUSPICIOUS_MOVE = YES;
				CLANG_WARN_UNREACHABLE_CODE = YES;
				CLANG_WARN__DUPLICATE_METHOD_MATCH = YES;
				"CODE_SIGN_IDENTITY[sdk=iphoneos*]" = "iPhone Developer";
				COPY_PHASE_STRIP = NO;
				DEBUG_INFORMATION_FORMAT = "dwarf-with-dsym";
				ENABLE_NS_ASSERTIONS = NO;
				ENABLE_STRICT_OBJC_MSGSEND = YES;
				GCC_C_LANGUAGE_STANDARD = gnu99;
				GCC_NO_COMMON_BLOCKS = YES;
				GCC_WARN_64_TO_32_BIT_CONVERSION = YES;
				GCC_WARN_ABOUT_RETURN_TYPE = YES_ERROR;
				GCC_WARN_UNDECLARED_SELECTOR = YES;
				GCC_WARN_UNINITIALIZED_AUTOS = YES_AGGRESSIVE;
				GCC_WARN_UNUSED_FUNCTION = YES;
				GCC_WARN_UNUSED_VARIABLE = YES;
				IPHONEOS_DEPLOYMENT_TARGET = 10.2;
				MTL_ENABLE_DEBUG_INFO = NO;
				SDKROOT = iphoneos;
				SWIFT_OPTIMIZATION_LEVEL = "-Owholemodule";
				VALIDATE_PRODUCT = YES;
			};
			name = Release;
		};
		F73844FA1E7287D4000E7D18 /* Debug */ = {
			isa = XCBuildConfiguration;
			buildSettings = {
				ASSETCATALOG_COMPILER_APPICON_NAME = AppIcon;
				DEVELOPMENT_TEAM = DEQGLB9PU4;
				FRAMEWORK_SEARCH_PATHS = (
					"$(inherited)",
					"$(PROJECT_DIR)/Carthage/Build/iOS",
				);
				INFOPLIST_FILE = "inspix-iOS/Info.plist";
				IPHONEOS_DEPLOYMENT_TARGET = 9.0;
				LD_RUNPATH_SEARCH_PATHS = "$(inherited) @executable_path/Frameworks";
				PRODUCT_BUNDLE_IDENTIFIER = "io.github.natmark.inspix-iOS";
				PRODUCT_NAME = "$(TARGET_NAME)";
				SWIFT_VERSION = 3.0;
			};
			name = Debug;
		};
		F73844FB1E7287D4000E7D18 /* Release */ = {
			isa = XCBuildConfiguration;
			buildSettings = {
				ASSETCATALOG_COMPILER_APPICON_NAME = AppIcon;
				DEVELOPMENT_TEAM = DEQGLB9PU4;
				FRAMEWORK_SEARCH_PATHS = (
					"$(inherited)",
					"$(PROJECT_DIR)/Carthage/Build/iOS",
				);
				INFOPLIST_FILE = "inspix-iOS/Info.plist";
				IPHONEOS_DEPLOYMENT_TARGET = 9.0;
				LD_RUNPATH_SEARCH_PATHS = "$(inherited) @executable_path/Frameworks";
				PRODUCT_BUNDLE_IDENTIFIER = "io.github.natmark.inspix-iOS";
				PRODUCT_NAME = "$(TARGET_NAME)";
				SWIFT_VERSION = 3.0;
			};
			name = Release;
		};
		F73844FD1E7287D4000E7D18 /* Debug */ = {
			isa = XCBuildConfiguration;
			buildSettings = {
				ALWAYS_EMBED_SWIFT_STANDARD_LIBRARIES = YES;
				BUNDLE_LOADER = "$(TEST_HOST)";
				DEVELOPMENT_TEAM = DEQGLB9PU4;
				INFOPLIST_FILE = "inspix-iOSTests/Info.plist";
				LD_RUNPATH_SEARCH_PATHS = "$(inherited) @executable_path/Frameworks @loader_path/Frameworks";
				PRODUCT_BUNDLE_IDENTIFIER = "io.github.natmark.inspix-iOSTests";
				PRODUCT_NAME = "$(TARGET_NAME)";
				SWIFT_VERSION = 3.0;
				TEST_HOST = "$(BUILT_PRODUCTS_DIR)/inspix-iOS.app/inspix-iOS";
			};
			name = Debug;
		};
		F73844FE1E7287D4000E7D18 /* Release */ = {
			isa = XCBuildConfiguration;
			buildSettings = {
				ALWAYS_EMBED_SWIFT_STANDARD_LIBRARIES = YES;
				BUNDLE_LOADER = "$(TEST_HOST)";
				DEVELOPMENT_TEAM = DEQGLB9PU4;
				INFOPLIST_FILE = "inspix-iOSTests/Info.plist";
				LD_RUNPATH_SEARCH_PATHS = "$(inherited) @executable_path/Frameworks @loader_path/Frameworks";
				PRODUCT_BUNDLE_IDENTIFIER = "io.github.natmark.inspix-iOSTests";
				PRODUCT_NAME = "$(TARGET_NAME)";
				SWIFT_VERSION = 3.0;
				TEST_HOST = "$(BUILT_PRODUCTS_DIR)/inspix-iOS.app/inspix-iOS";
			};
			name = Release;
		};
/* End XCBuildConfiguration section */

/* Begin XCConfigurationList section */
		F73844D41E7287D3000E7D18 /* Build configuration list for PBXProject "inspix-iOS" */ = {
			isa = XCConfigurationList;
			buildConfigurations = (
				F73844F71E7287D4000E7D18 /* Debug */,
				F73844F81E7287D4000E7D18 /* Release */,
			);
			defaultConfigurationIsVisible = 0;
			defaultConfigurationName = Release;
		};
		F73844F91E7287D4000E7D18 /* Build configuration list for PBXNativeTarget "inspix-iOS" */ = {
			isa = XCConfigurationList;
			buildConfigurations = (
				F73844FA1E7287D4000E7D18 /* Debug */,
				F73844FB1E7287D4000E7D18 /* Release */,
			);
			defaultConfigurationIsVisible = 0;
			defaultConfigurationName = Release;
		};
		F73844FC1E7287D4000E7D18 /* Build configuration list for PBXNativeTarget "inspix-iOSTests" */ = {
			isa = XCConfigurationList;
			buildConfigurations = (
				F73844FD1E7287D4000E7D18 /* Debug */,
				F73844FE1E7287D4000E7D18 /* Release */,
			);
			defaultConfigurationIsVisible = 0;
			defaultConfigurationName = Release;
		};
/* End XCConfigurationList section */

/* Begin XCVersionGroup section */
		F73844E31E7287D4000E7D18 /* inspix_iOS.xcdatamodeld */ = {
			isa = XCVersionGroup;
			children = (
				F73844E41E7287D4000E7D18 /* inspix_iOS.xcdatamodel */,
			);
			currentVersion = F73844E41E7287D4000E7D18 /* inspix_iOS.xcdatamodel */;
			path = inspix_iOS.xcdatamodeld;
			sourceTree = "<group>";
			versionGroupType = wrapper.xcdatamodel;
		};
/* End XCVersionGroup section */
	};
	rootObject = F73844D11E7287D3000E7D18 /* Project object */;
}
